// !$*UTF8*$!
{
	archiveVersion = 1;
	classes = {
	};
	objectVersion = 50;
	objects = {

/* Begin PBXBuildFile section */
		434734B2DCFC2BF061E61577 /* Pods_FeedUIUITests.framework in Frameworks */ = {isa = PBXBuildFile; fileRef = 0576356A3C342008A3C50B76 /* Pods_FeedUIUITests.framework */; };
		4F150137209DB99200B9E94A /* Info.plist in Resources */ = {isa = PBXBuildFile; fileRef = 4F150136209DB99200B9E94A /* Info.plist */; };
		4F3CF38E209D9FDF00A81334 /* SectionController.swift in Sources */ = {isa = PBXBuildFile; fileRef = 4F3CF38D209D9FDF00A81334 /* SectionController.swift */; };
		4F3CF390209DA20B00A81334 /* ImageCell.swift in Sources */ = {isa = PBXBuildFile; fileRef = 4F3CF38F209DA20B00A81334 /* ImageCell.swift */; };
		4FA10B1A209C614D001D9AC9 /* AppDelegate.swift in Sources */ = {isa = PBXBuildFile; fileRef = 4FA10B19209C614D001D9AC9 /* AppDelegate.swift */; };
		4FA10B1C209C614D001D9AC9 /* HomeVC.swift in Sources */ = {isa = PBXBuildFile; fileRef = 4FA10B1B209C614D001D9AC9 /* HomeVC.swift */; };
		4FA10B1F209C614D001D9AC9 /* Main.storyboard in Resources */ = {isa = PBXBuildFile; fileRef = 4FA10B1D209C614D001D9AC9 /* Main.storyboard */; };
		4FA10B21209C614F001D9AC9 /* Assets.xcassets in Resources */ = {isa = PBXBuildFile; fileRef = 4FA10B20209C614F001D9AC9 /* Assets.xcassets */; };
		4FA10B24209C614F001D9AC9 /* LaunchScreen.storyboard in Resources */ = {isa = PBXBuildFile; fileRef = 4FA10B22209C614F001D9AC9 /* LaunchScreen.storyboard */; };
		4FA10B2F209C614F001D9AC9 /* FeedUITests.swift in Sources */ = {isa = PBXBuildFile; fileRef = 4FA10B2E209C614F001D9AC9 /* FeedUITests.swift */; };
		4FA10B3A209C614F001D9AC9 /* FeedUIUITests.swift in Sources */ = {isa = PBXBuildFile; fileRef = 4FA10B39209C614F001D9AC9 /* FeedUIUITests.swift */; };
		4FA10B48209D7885001D9AC9 /* User.swift in Sources */ = {isa = PBXBuildFile; fileRef = 4FA10B47209D7885001D9AC9 /* User.swift */; };
		4FFBC3BC20ADB68A00F21EE3 /* LikeButtonCell.swift in Sources */ = {isa = PBXBuildFile; fileRef = 4FFBC3BA20ADB68A00F21EE3 /* LikeButtonCell.swift */; };
		4FFBC3BD20ADB68A00F21EE3 /* LikeButtonCell.xib in Resources */ = {isa = PBXBuildFile; fileRef = 4FFBC3BB20ADB68A00F21EE3 /* LikeButtonCell.xib */; };
		4FFBC3BF20ADB70F00F21EE3 /* ImageCell.xib in Resources */ = {isa = PBXBuildFile; fileRef = 4FFBC3BE20ADB70F00F21EE3 /* ImageCell.xib */; };
		4FFBC3C220ADB7B100F21EE3 /* NSObject+ClassName.swift in Sources */ = {isa = PBXBuildFile; fileRef = 4FFBC3C120ADB7B100F21EE3 /* NSObject+ClassName.swift */; };
		7873E47AC98772251B4067F0 /* Pods_FeedUI.framework in Frameworks */ = {isa = PBXBuildFile; fileRef = 64FDB702F7DB4C2262B504DB /* Pods_FeedUI.framework */; };
		B1F034F09D3A1740530C08A8 /* Pods_FeedUITests.framework in Frameworks */ = {isa = PBXBuildFile; fileRef = D01BD53417CB2C24EA0AEA3F /* Pods_FeedUITests.framework */; };
/* End PBXBuildFile section */

/* Begin PBXContainerItemProxy section */
		4FA10B2B209C614F001D9AC9 /* PBXContainerItemProxy */ = {
			isa = PBXContainerItemProxy;
			containerPortal = 4FA10B0E209C614D001D9AC9 /* Project object */;
			proxyType = 1;
			remoteGlobalIDString = 4FA10B15209C614D001D9AC9;
			remoteInfo = FeedUI;
		};
		4FA10B36209C614F001D9AC9 /* PBXContainerItemProxy */ = {
			isa = PBXContainerItemProxy;
			containerPortal = 4FA10B0E209C614D001D9AC9 /* Project object */;
			proxyType = 1;
			remoteGlobalIDString = 4FA10B15209C614D001D9AC9;
			remoteInfo = FeedUI;
		};
/* End PBXContainerItemProxy section */

/* Begin PBXFileReference section */
		0576356A3C342008A3C50B76 /* Pods_FeedUIUITests.framework */ = {isa = PBXFileReference; explicitFileType = wrapper.framework; includeInIndex = 0; path = Pods_FeedUIUITests.framework; sourceTree = BUILT_PRODUCTS_DIR; };
		26B2801E5BF52BFE5250F513 /* Pods-FeedUIUITests.release.xcconfig */ = {isa = PBXFileReference; includeInIndex = 1; lastKnownFileType = text.xcconfig; name = "Pods-FeedUIUITests.release.xcconfig"; path = "Pods/Target Support Files/Pods-FeedUIUITests/Pods-FeedUIUITests.release.xcconfig"; sourceTree = "<group>"; };
		4B87165EDA01F14BA77FB4AE /* Pods-FeedUI.debug.xcconfig */ = {isa = PBXFileReference; includeInIndex = 1; lastKnownFileType = text.xcconfig; name = "Pods-FeedUI.debug.xcconfig"; path = "Pods/Target Support Files/Pods-FeedUI/Pods-FeedUI.debug.xcconfig"; sourceTree = "<group>"; };
		4F150136209DB99200B9E94A /* Info.plist */ = {isa = PBXFileReference; fileEncoding = 4; lastKnownFileType = text.plist.xml; path = Info.plist; sourceTree = "<group>"; };
		4F3CF38D209D9FDF00A81334 /* SectionController.swift */ = {isa = PBXFileReference; lastKnownFileType = sourcecode.swift; path = SectionController.swift; sourceTree = "<group>"; };
		4F3CF38F209DA20B00A81334 /* ImageCell.swift */ = {isa = PBXFileReference; lastKnownFileType = sourcecode.swift; path = ImageCell.swift; sourceTree = "<group>"; };
		4FA10B16209C614D001D9AC9 /* FeedUI.app */ = {isa = PBXFileReference; explicitFileType = wrapper.application; includeInIndex = 0; path = FeedUI.app; sourceTree = BUILT_PRODUCTS_DIR; };
		4FA10B19209C614D001D9AC9 /* AppDelegate.swift */ = {isa = PBXFileReference; lastKnownFileType = sourcecode.swift; path = AppDelegate.swift; sourceTree = "<group>"; };
		4FA10B1B209C614D001D9AC9 /* HomeVC.swift */ = {isa = PBXFileReference; lastKnownFileType = sourcecode.swift; path = HomeVC.swift; sourceTree = "<group>"; };
		4FA10B1E209C614D001D9AC9 /* Base */ = {isa = PBXFileReference; lastKnownFileType = file.storyboard; name = Base; path = Base.lproj/Main.storyboard; sourceTree = "<group>"; };
		4FA10B20209C614F001D9AC9 /* Assets.xcassets */ = {isa = PBXFileReference; lastKnownFileType = folder.assetcatalog; path = Assets.xcassets; sourceTree = "<group>"; };
		4FA10B23209C614F001D9AC9 /* Base */ = {isa = PBXFileReference; lastKnownFileType = file.storyboard; name = Base; path = Base.lproj/LaunchScreen.storyboard; sourceTree = "<group>"; };
		4FA10B2A209C614F001D9AC9 /* FeedUITests.xctest */ = {isa = PBXFileReference; explicitFileType = wrapper.cfbundle; includeInIndex = 0; path = FeedUITests.xctest; sourceTree = BUILT_PRODUCTS_DIR; };
		4FA10B2E209C614F001D9AC9 /* FeedUITests.swift */ = {isa = PBXFileReference; lastKnownFileType = sourcecode.swift; path = FeedUITests.swift; sourceTree = "<group>"; };
		4FA10B30209C614F001D9AC9 /* Info.plist */ = {isa = PBXFileReference; lastKnownFileType = text.plist.xml; path = Info.plist; sourceTree = "<group>"; };
		4FA10B35209C614F001D9AC9 /* FeedUIUITests.xctest */ = {isa = PBXFileReference; explicitFileType = wrapper.cfbundle; includeInIndex = 0; path = FeedUIUITests.xctest; sourceTree = BUILT_PRODUCTS_DIR; };
		4FA10B39209C614F001D9AC9 /* FeedUIUITests.swift */ = {isa = PBXFileReference; lastKnownFileType = sourcecode.swift; path = FeedUIUITests.swift; sourceTree = "<group>"; };
		4FA10B3B209C6150001D9AC9 /* Info.plist */ = {isa = PBXFileReference; lastKnownFileType = text.plist.xml; path = Info.plist; sourceTree = "<group>"; };
		4FA10B47209D7885001D9AC9 /* User.swift */ = {isa = PBXFileReference; lastKnownFileType = sourcecode.swift; path = User.swift; sourceTree = "<group>"; };
		4FFBC3BA20ADB68A00F21EE3 /* LikeButtonCell.swift */ = {isa = PBXFileReference; lastKnownFileType = sourcecode.swift; path = LikeButtonCell.swift; sourceTree = "<group>"; };
		4FFBC3BB20ADB68A00F21EE3 /* LikeButtonCell.xib */ = {isa = PBXFileReference; lastKnownFileType = file.xib; path = LikeButtonCell.xib; sourceTree = "<group>"; };
		4FFBC3BE20ADB70F00F21EE3 /* ImageCell.xib */ = {isa = PBXFileReference; lastKnownFileType = file.xib; path = ImageCell.xib; sourceTree = "<group>"; };
		4FFBC3C120ADB7B100F21EE3 /* NSObject+ClassName.swift */ = {isa = PBXFileReference; lastKnownFileType = sourcecode.swift; path = "NSObject+ClassName.swift"; sourceTree = "<group>"; };
		64FDB702F7DB4C2262B504DB /* Pods_FeedUI.framework */ = {isa = PBXFileReference; explicitFileType = wrapper.framework; includeInIndex = 0; path = Pods_FeedUI.framework; sourceTree = BUILT_PRODUCTS_DIR; };
		73D5E94AD5F7A29C211F4AF8 /* Pods-FeedUITests.debug.xcconfig */ = {isa = PBXFileReference; includeInIndex = 1; lastKnownFileType = text.xcconfig; name = "Pods-FeedUITests.debug.xcconfig"; path = "Pods/Target Support Files/Pods-FeedUITests/Pods-FeedUITests.debug.xcconfig"; sourceTree = "<group>"; };
		A990633E1A33C76501234EF0 /* Pods-FeedUIUITests.debug.xcconfig */ = {isa = PBXFileReference; includeInIndex = 1; lastKnownFileType = text.xcconfig; name = "Pods-FeedUIUITests.debug.xcconfig"; path = "Pods/Target Support Files/Pods-FeedUIUITests/Pods-FeedUIUITests.debug.xcconfig"; sourceTree = "<group>"; };
		B11C140001C936744E1F8B5F /* Pods-FeedUI.release.xcconfig */ = {isa = PBXFileReference; includeInIndex = 1; lastKnownFileType = text.xcconfig; name = "Pods-FeedUI.release.xcconfig"; path = "Pods/Target Support Files/Pods-FeedUI/Pods-FeedUI.release.xcconfig"; sourceTree = "<group>"; };
		B2AB8A64149A3E8B1EDCBFAC /* Pods-FeedUITests.release.xcconfig */ = {isa = PBXFileReference; includeInIndex = 1; lastKnownFileType = text.xcconfig; name = "Pods-FeedUITests.release.xcconfig"; path = "Pods/Target Support Files/Pods-FeedUITests/Pods-FeedUITests.release.xcconfig"; sourceTree = "<group>"; };
		D01BD53417CB2C24EA0AEA3F /* Pods_FeedUITests.framework */ = {isa = PBXFileReference; explicitFileType = wrapper.framework; includeInIndex = 0; path = Pods_FeedUITests.framework; sourceTree = BUILT_PRODUCTS_DIR; };
/* End PBXFileReference section */

/* Begin PBXFrameworksBuildPhase section */
		4FA10B13209C614D001D9AC9 /* Frameworks */ = {
			isa = PBXFrameworksBuildPhase;
			buildActionMask = 2147483647;
			files = (
				7873E47AC98772251B4067F0 /* Pods_FeedUI.framework in Frameworks */,
			);
			runOnlyForDeploymentPostprocessing = 0;
		};
		4FA10B27209C614F001D9AC9 /* Frameworks */ = {
			isa = PBXFrameworksBuildPhase;
			buildActionMask = 2147483647;
			files = (
				B1F034F09D3A1740530C08A8 /* Pods_FeedUITests.framework in Frameworks */,
			);
			runOnlyForDeploymentPostprocessing = 0;
		};
		4FA10B32209C614F001D9AC9 /* Frameworks */ = {
			isa = PBXFrameworksBuildPhase;
			buildActionMask = 2147483647;
			files = (
				434734B2DCFC2BF061E61577 /* Pods_FeedUIUITests.framework in Frameworks */,
			);
			runOnlyForDeploymentPostprocessing = 0;
		};
/* End PBXFrameworksBuildPhase section */

/* Begin PBXGroup section */
		4F150133209DB50700B9E94A /* Support Files */ = {
			isa = PBXGroup;
			children = (
				4FA10B20209C614F001D9AC9 /* Assets.xcassets */,
				4F150136209DB99200B9E94A /* Info.plist */,
				4FA10B22209C614F001D9AC9 /* LaunchScreen.storyboard */,
			);
			path = "Support Files";
			sourceTree = "<group>";
		};
		4F150134209DB51E00B9E94A /* Backend */ = {
			isa = PBXGroup;
			children = (
				4FA10B47209D7885001D9AC9 /* User.swift */,
			);
			path = Backend;
			sourceTree = "<group>";
		};
		4F150135209DB52900B9E94A /* UI */ = {
			isa = PBXGroup;
			children = (
				4FA10B1D209C614D001D9AC9 /* Main.storyboard */,
				4FA10B1B209C614D001D9AC9 /* HomeVC.swift */,
				4F3CF38D209D9FDF00A81334 /* SectionController.swift */,
				4F3CF38F209DA20B00A81334 /* ImageCell.swift */,
				4FFBC3BE20ADB70F00F21EE3 /* ImageCell.xib */,
				4FFBC3BA20ADB68A00F21EE3 /* LikeButtonCell.swift */,
				4FFBC3BB20ADB68A00F21EE3 /* LikeButtonCell.xib */,
			);
			path = UI;
			sourceTree = "<group>";
		};
		4FA10B0D209C614D001D9AC9 = {
			isa = PBXGroup;
			children = (
				4FA10B18209C614D001D9AC9 /* FeedUI */,
				4FA10B2D209C614F001D9AC9 /* FeedUITests */,
				4FA10B38209C614F001D9AC9 /* FeedUIUITests */,
				4FA10B17209C614D001D9AC9 /* Products */,
				8C55BD413B8CAA8D140929BC /* Pods */,
				87009AE57140181D0684101A /* Frameworks */,
			);
			sourceTree = "<group>";
		};
		4FA10B17209C614D001D9AC9 /* Products */ = {
			isa = PBXGroup;
			children = (
				4FA10B16209C614D001D9AC9 /* FeedUI.app */,
				4FA10B2A209C614F001D9AC9 /* FeedUITests.xctest */,
				4FA10B35209C614F001D9AC9 /* FeedUIUITests.xctest */,
			);
			name = Products;
			sourceTree = "<group>";
		};
		4FA10B18209C614D001D9AC9 /* FeedUI */ = {
			isa = PBXGroup;
			children = (
				4FFBC3B920ADB5AD00F21EE3 /* AppDelegate */,
				4F150135209DB52900B9E94A /* UI */,
				4FFBC3C020ADB78F00F21EE3 /* Utilities */,
				4F150134209DB51E00B9E94A /* Backend */,
				4F150133209DB50700B9E94A /* Support Files */,
			);
			path = FeedUI;
			sourceTree = "<group>";
		};
		4FA10B2D209C614F001D9AC9 /* FeedUITests */ = {
			isa = PBXGroup;
			children = (
				4FA10B2E209C614F001D9AC9 /* FeedUITests.swift */,
				4FA10B30209C614F001D9AC9 /* Info.plist */,
			);
			path = FeedUITests;
			sourceTree = "<group>";
		};
		4FA10B38209C614F001D9AC9 /* FeedUIUITests */ = {
			isa = PBXGroup;
			children = (
				4FA10B39209C614F001D9AC9 /* FeedUIUITests.swift */,
				4FA10B3B209C6150001D9AC9 /* Info.plist */,
			);
			path = FeedUIUITests;
			sourceTree = "<group>";
		};
		4FFBC3B920ADB5AD00F21EE3 /* AppDelegate */ = {
			isa = PBXGroup;
			children = (
				4FA10B19209C614D001D9AC9 /* AppDelegate.swift */,
			);
			path = AppDelegate;
			sourceTree = "<group>";
		};
		4FFBC3C020ADB78F00F21EE3 /* Utilities */ = {
			isa = PBXGroup;
			children = (
				4FFBC3C120ADB7B100F21EE3 /* NSObject+ClassName.swift */,
			);
			path = Utilities;
			sourceTree = "<group>";
		};
		87009AE57140181D0684101A /* Frameworks */ = {
			isa = PBXGroup;
			children = (
				64FDB702F7DB4C2262B504DB /* Pods_FeedUI.framework */,
				D01BD53417CB2C24EA0AEA3F /* Pods_FeedUITests.framework */,
				0576356A3C342008A3C50B76 /* Pods_FeedUIUITests.framework */,
			);
			name = Frameworks;
			sourceTree = "<group>";
		};
		8C55BD413B8CAA8D140929BC /* Pods */ = {
			isa = PBXGroup;
			children = (
				4B87165EDA01F14BA77FB4AE /* Pods-FeedUI.debug.xcconfig */,
				B11C140001C936744E1F8B5F /* Pods-FeedUI.release.xcconfig */,
				73D5E94AD5F7A29C211F4AF8 /* Pods-FeedUITests.debug.xcconfig */,
				B2AB8A64149A3E8B1EDCBFAC /* Pods-FeedUITests.release.xcconfig */,
				A990633E1A33C76501234EF0 /* Pods-FeedUIUITests.debug.xcconfig */,
				26B2801E5BF52BFE5250F513 /* Pods-FeedUIUITests.release.xcconfig */,
			);
			name = Pods;
			sourceTree = "<group>";
		};
/* End PBXGroup section */

/* Begin PBXNativeTarget section */
		4FA10B15209C614D001D9AC9 /* FeedUI */ = {
			isa = PBXNativeTarget;
			buildConfigurationList = 4FA10B3E209C6150001D9AC9 /* Build configuration list for PBXNativeTarget "FeedUI" */;
			buildPhases = (
				F8669E22407F519C8F6AEDDB /* [CP] Check Pods Manifest.lock */,
				4FA10B12209C614D001D9AC9 /* Sources */,
				4FA10B13209C614D001D9AC9 /* Frameworks */,
				4FA10B14209C614D001D9AC9 /* Resources */,
				4719A1053FB599B928AC1456 /* [CP] Embed Pods Frameworks */,
			);
			buildRules = (
			);
			dependencies = (
			);
			name = FeedUI;
			productName = FeedUI;
			productReference = 4FA10B16209C614D001D9AC9 /* FeedUI.app */;
			productType = "com.apple.product-type.application";
		};
		4FA10B29209C614F001D9AC9 /* FeedUITests */ = {
			isa = PBXNativeTarget;
			buildConfigurationList = 4FA10B41209C6150001D9AC9 /* Build configuration list for PBXNativeTarget "FeedUITests" */;
			buildPhases = (
				DAAAB8389872CEF0D574CCF6 /* [CP] Check Pods Manifest.lock */,
				4FA10B26209C614F001D9AC9 /* Sources */,
				4FA10B27209C614F001D9AC9 /* Frameworks */,
				4FA10B28209C614F001D9AC9 /* Resources */,
			);
			buildRules = (
			);
			dependencies = (
				4FA10B2C209C614F001D9AC9 /* PBXTargetDependency */,
			);
			name = FeedUITests;
			productName = FeedUITests;
			productReference = 4FA10B2A209C614F001D9AC9 /* FeedUITests.xctest */;
			productType = "com.apple.product-type.bundle.unit-test";
		};
		4FA10B34209C614F001D9AC9 /* FeedUIUITests */ = {
			isa = PBXNativeTarget;
			buildConfigurationList = 4FA10B44209C6150001D9AC9 /* Build configuration list for PBXNativeTarget "FeedUIUITests" */;
			buildPhases = (
				B9917969D5C8368A61D41433 /* [CP] Check Pods Manifest.lock */,
				4FA10B31209C614F001D9AC9 /* Sources */,
				4FA10B32209C614F001D9AC9 /* Frameworks */,
				4FA10B33209C614F001D9AC9 /* Resources */,
			);
			buildRules = (
			);
			dependencies = (
				4FA10B37209C614F001D9AC9 /* PBXTargetDependency */,
			);
			name = FeedUIUITests;
			productName = FeedUIUITests;
			productReference = 4FA10B35209C614F001D9AC9 /* FeedUIUITests.xctest */;
			productType = "com.apple.product-type.bundle.ui-testing";
		};
/* End PBXNativeTarget section */

/* Begin PBXProject section */
		4FA10B0E209C614D001D9AC9 /* Project object */ = {
			isa = PBXProject;
			attributes = {
				LastSwiftUpdateCheck = 0930;
				LastUpgradeCheck = 0930;
				ORGANIZATIONNAME = Lurf;
				TargetAttributes = {
					4FA10B15209C614D001D9AC9 = {
						CreatedOnToolsVersion = 9.3;
					};
					4FA10B29209C614F001D9AC9 = {
						CreatedOnToolsVersion = 9.3;
						TestTargetID = 4FA10B15209C614D001D9AC9;
					};
					4FA10B34209C614F001D9AC9 = {
						CreatedOnToolsVersion = 9.3;
						TestTargetID = 4FA10B15209C614D001D9AC9;
					};
				};
			};
			buildConfigurationList = 4FA10B11209C614D001D9AC9 /* Build configuration list for PBXProject "FeedUI" */;
			compatibilityVersion = "Xcode 9.3";
			developmentRegion = en;
			hasScannedForEncodings = 0;
			knownRegions = (
				en,
				Base,
			);
			mainGroup = 4FA10B0D209C614D001D9AC9;
			productRefGroup = 4FA10B17209C614D001D9AC9 /* Products */;
			projectDirPath = "";
			projectRoot = "";
			targets = (
				4FA10B15209C614D001D9AC9 /* FeedUI */,
				4FA10B29209C614F001D9AC9 /* FeedUITests */,
				4FA10B34209C614F001D9AC9 /* FeedUIUITests */,
			);
		};
/* End PBXProject section */

/* Begin PBXResourcesBuildPhase section */
		4FA10B14209C614D001D9AC9 /* Resources */ = {
			isa = PBXResourcesBuildPhase;
			buildActionMask = 2147483647;
			files = (
				4F150137209DB99200B9E94A /* Info.plist in Resources */,
				4FA10B24209C614F001D9AC9 /* LaunchScreen.storyboard in Resources */,
				4FA10B21209C614F001D9AC9 /* Assets.xcassets in Resources */,
				4FFBC3BF20ADB70F00F21EE3 /* ImageCell.xib in Resources */,
				4FFBC3BD20ADB68A00F21EE3 /* LikeButtonCell.xib in Resources */,
				4FA10B1F209C614D001D9AC9 /* Main.storyboard in Resources */,
			);
			runOnlyForDeploymentPostprocessing = 0;
		};
		4FA10B28209C614F001D9AC9 /* Resources */ = {
			isa = PBXResourcesBuildPhase;
			buildActionMask = 2147483647;
			files = (
			);
			runOnlyForDeploymentPostprocessing = 0;
		};
		4FA10B33209C614F001D9AC9 /* Resources */ = {
			isa = PBXResourcesBuildPhase;
			buildActionMask = 2147483647;
			files = (
			);
			runOnlyForDeploymentPostprocessing = 0;
		};
/* End PBXResourcesBuildPhase section */

/* Begin PBXShellScriptBuildPhase section */
		4719A1053FB599B928AC1456 /* [CP] Embed Pods Frameworks */ = {
			isa = PBXShellScriptBuildPhase;
			buildActionMask = 2147483647;
			files = (
			);
			inputPaths = (
				"${SRCROOT}/Pods/Target Support Files/Pods-FeedUI/Pods-FeedUI-frameworks.sh",
				"${BUILT_PRODUCTS_DIR}/IGListKit/IGListKit.framework",
			);
			name = "[CP] Embed Pods Frameworks";
			outputPaths = (
				"${TARGET_BUILD_DIR}/${FRAMEWORKS_FOLDER_PATH}/IGListKit.framework",
			);
			runOnlyForDeploymentPostprocessing = 0;
			shellPath = /bin/sh;
			shellScript = "\"${SRCROOT}/Pods/Target Support Files/Pods-FeedUI/Pods-FeedUI-frameworks.sh\"\n";
			showEnvVarsInLog = 0;
		};
		B9917969D5C8368A61D41433 /* [CP] Check Pods Manifest.lock */ = {
			isa = PBXShellScriptBuildPhase;
			buildActionMask = 2147483647;
			files = (
			);
			inputPaths = (
				"${PODS_PODFILE_DIR_PATH}/Podfile.lock",
				"${PODS_ROOT}/Manifest.lock",
			);
			name = "[CP] Check Pods Manifest.lock";
			outputPaths = (
				"$(DERIVED_FILE_DIR)/Pods-FeedUIUITests-checkManifestLockResult.txt",
			);
			runOnlyForDeploymentPostprocessing = 0;
			shellPath = /bin/sh;
			shellScript = "diff \"${PODS_PODFILE_DIR_PATH}/Podfile.lock\" \"${PODS_ROOT}/Manifest.lock\" > /dev/null\nif [ $? != 0 ] ; then\n    # print error to STDERR\n    echo \"error: The sandbox is not in sync with the Podfile.lock. Run 'pod install' or update your CocoaPods installation.\" >&2\n    exit 1\nfi\n# This output is used by Xcode 'outputs' to avoid re-running this script phase.\necho \"SUCCESS\" > \"${SCRIPT_OUTPUT_FILE_0}\"\n";
			showEnvVarsInLog = 0;
		};
		DAAAB8389872CEF0D574CCF6 /* [CP] Check Pods Manifest.lock */ = {
			isa = PBXShellScriptBuildPhase;
			buildActionMask = 2147483647;
			files = (
			);
			inputPaths = (
				"${PODS_PODFILE_DIR_PATH}/Podfile.lock",
				"${PODS_ROOT}/Manifest.lock",
			);
			name = "[CP] Check Pods Manifest.lock";
			outputPaths = (
				"$(DERIVED_FILE_DIR)/Pods-FeedUITests-checkManifestLockResult.txt",
			);
			runOnlyForDeploymentPostprocessing = 0;
			shellPath = /bin/sh;
			shellScript = "diff \"${PODS_PODFILE_DIR_PATH}/Podfile.lock\" \"${PODS_ROOT}/Manifest.lock\" > /dev/null\nif [ $? != 0 ] ; then\n    # print error to STDERR\n    echo \"error: The sandbox is not in sync with the Podfile.lock. Run 'pod install' or update your CocoaPods installation.\" >&2\n    exit 1\nfi\n# This output is used by Xcode 'outputs' to avoid re-running this script phase.\necho \"SUCCESS\" > \"${SCRIPT_OUTPUT_FILE_0}\"\n";
			showEnvVarsInLog = 0;
		};
		F8669E22407F519C8F6AEDDB /* [CP] Check Pods Manifest.lock */ = {
			isa = PBXShellScriptBuildPhase;
			buildActionMask = 2147483647;
			files = (
			);
			inputPaths = (
				"${PODS_PODFILE_DIR_PATH}/Podfile.lock",
				"${PODS_ROOT}/Manifest.lock",
			);
			name = "[CP] Check Pods Manifest.lock";
			outputPaths = (
				"$(DERIVED_FILE_DIR)/Pods-FeedUI-checkManifestLockResult.txt",
			);
			runOnlyForDeploymentPostprocessing = 0;
			shellPath = /bin/sh;
			shellScript = "diff \"${PODS_PODFILE_DIR_PATH}/Podfile.lock\" \"${PODS_ROOT}/Manifest.lock\" > /dev/null\nif [ $? != 0 ] ; then\n    # print error to STDERR\n    echo \"error: The sandbox is not in sync with the Podfile.lock. Run 'pod install' or update your CocoaPods installation.\" >&2\n    exit 1\nfi\n# This output is used by Xcode 'outputs' to avoid re-running this script phase.\necho \"SUCCESS\" > \"${SCRIPT_OUTPUT_FILE_0}\"\n";
			showEnvVarsInLog = 0;
		};
/* End PBXShellScriptBuildPhase section */

/* Begin PBXSourcesBuildPhase section */
		4FA10B12209C614D001D9AC9 /* Sources */ = {
			isa = PBXSourcesBuildPhase;
			buildActionMask = 2147483647;
			files = (
				4FA10B1C209C614D001D9AC9 /* HomeVC.swift in Sources */,
				4FA10B1A209C614D001D9AC9 /* AppDelegate.swift in Sources */,
				4FFBC3BC20ADB68A00F21EE3 /* LikeButtonCell.swift in Sources */,
				4FA10B48209D7885001D9AC9 /* User.swift in Sources */,
				4F3CF38E209D9FDF00A81334 /* SectionController.swift in Sources */,
				4F3CF390209DA20B00A81334 /* ImageCell.swift in Sources */,
				4FFBC3C220ADB7B100F21EE3 /* NSObject+ClassName.swift in Sources */,
			);
			runOnlyForDeploymentPostprocessing = 0;
		};
		4FA10B26209C614F001D9AC9 /* Sources */ = {
			isa = PBXSourcesBuildPhase;
			buildActionMask = 2147483647;
			files = (
				4FA10B2F209C614F001D9AC9 /* FeedUITests.swift in Sources */,
			);
			runOnlyForDeploymentPostprocessing = 0;
		};
		4FA10B31209C614F001D9AC9 /* Sources */ = {
			isa = PBXSourcesBuildPhase;
			buildActionMask = 2147483647;
			files = (
				4FA10B3A209C614F001D9AC9 /* FeedUIUITests.swift in Sources */,
			);
			runOnlyForDeploymentPostprocessing = 0;
		};
/* End PBXSourcesBuildPhase section */

/* Begin PBXTargetDependency section */
		4FA10B2C209C614F001D9AC9 /* PBXTargetDependency */ = {
			isa = PBXTargetDependency;
			target = 4FA10B15209C614D001D9AC9 /* FeedUI */;
			targetProxy = 4FA10B2B209C614F001D9AC9 /* PBXContainerItemProxy */;
		};
		4FA10B37209C614F001D9AC9 /* PBXTargetDependency */ = {
			isa = PBXTargetDependency;
			target = 4FA10B15209C614D001D9AC9 /* FeedUI */;
			targetProxy = 4FA10B36209C614F001D9AC9 /* PBXContainerItemProxy */;
		};
/* End PBXTargetDependency section */

/* Begin PBXVariantGroup section */
		4FA10B1D209C614D001D9AC9 /* Main.storyboard */ = {
			isa = PBXVariantGroup;
			children = (
				4FA10B1E209C614D001D9AC9 /* Base */,
			);
			name = Main.storyboard;
			sourceTree = "<group>";
		};
		4FA10B22209C614F001D9AC9 /* LaunchScreen.storyboard */ = {
			isa = PBXVariantGroup;
			children = (
				4FA10B23209C614F001D9AC9 /* Base */,
			);
			name = LaunchScreen.storyboard;
			sourceTree = "<group>";
		};
/* End PBXVariantGroup section */

/* Begin XCBuildConfiguration section */
		4FA10B3C209C6150001D9AC9 /* Debug */ = {
			isa = XCBuildConfiguration;
			buildSettings = {
				ALWAYS_SEARCH_USER_PATHS = NO;
				CLANG_ANALYZER_NONNULL = YES;
				CLANG_ANALYZER_NUMBER_OBJECT_CONVERSION = YES_AGGRESSIVE;
				CLANG_CXX_LANGUAGE_STANDARD = "gnu++14";
				CLANG_CXX_LIBRARY = "libc++";
				CLANG_ENABLE_MODULES = YES;
				CLANG_ENABLE_OBJC_ARC = YES;
				CLANG_ENABLE_OBJC_WEAK = YES;
				CLANG_WARN_BLOCK_CAPTURE_AUTORELEASING = YES;
				CLANG_WARN_BOOL_CONVERSION = YES;
				CLANG_WARN_COMMA = YES;
				CLANG_WARN_CONSTANT_CONVERSION = YES;
				CLANG_WARN_DEPRECATED_OBJC_IMPLEMENTATIONS = YES;
				CLANG_WARN_DIRECT_OBJC_ISA_USAGE = YES_ERROR;
				CLANG_WARN_DOCUMENTATION_COMMENTS = YES;
				CLANG_WARN_EMPTY_BODY = YES;
				CLANG_WARN_ENUM_CONVERSION = YES;
				CLANG_WARN_INFINITE_RECURSION = YES;
				CLANG_WARN_INT_CONVERSION = YES;
				CLANG_WARN_NON_LITERAL_NULL_CONVERSION = YES;
				CLANG_WARN_OBJC_IMPLICIT_RETAIN_SELF = YES;
				CLANG_WARN_OBJC_LITERAL_CONVERSION = YES;
				CLANG_WARN_OBJC_ROOT_CLASS = YES_ERROR;
				CLANG_WARN_RANGE_LOOP_ANALYSIS = YES;
				CLANG_WARN_STRICT_PROTOTYPES = YES;
				CLANG_WARN_SUSPICIOUS_MOVE = YES;
				CLANG_WARN_UNGUARDED_AVAILABILITY = YES_AGGRESSIVE;
				CLANG_WARN_UNREACHABLE_CODE = YES;
				CLANG_WARN__DUPLICATE_METHOD_MATCH = YES;
				CODE_SIGN_IDENTITY = "iPhone Developer";
				COPY_PHASE_STRIP = NO;
				DEBUG_INFORMATION_FORMAT = dwarf;
				ENABLE_STRICT_OBJC_MSGSEND = YES;
				ENABLE_TESTABILITY = YES;
				GCC_C_LANGUAGE_STANDARD = gnu11;
				GCC_DYNAMIC_NO_PIC = NO;
				GCC_NO_COMMON_BLOCKS = YES;
				GCC_OPTIMIZATION_LEVEL = 0;
				GCC_PREPROCESSOR_DEFINITIONS = (
					"DEBUG=1",
					"$(inherited)",
				);
				GCC_WARN_64_TO_32_BIT_CONVERSION = YES;
				GCC_WARN_ABOUT_RETURN_TYPE = YES_ERROR;
				GCC_WARN_UNDECLARED_SELECTOR = YES;
				GCC_WARN_UNINITIALIZED_AUTOS = YES_AGGRESSIVE;
				GCC_WARN_UNUSED_FUNCTION = YES;
				GCC_WARN_UNUSED_VARIABLE = YES;
				IPHONEOS_DEPLOYMENT_TARGET = 11.3;
				MTL_ENABLE_DEBUG_INFO = YES;
				ONLY_ACTIVE_ARCH = YES;
				SDKROOT = iphoneos;
				SWIFT_ACTIVE_COMPILATION_CONDITIONS = DEBUG;
				SWIFT_OPTIMIZATION_LEVEL = "-Onone";
			};
			name = Debug;
		};
		4FA10B3D209C6150001D9AC9 /* Release */ = {
			isa = XCBuildConfiguration;
			buildSettings = {
				ALWAYS_SEARCH_USER_PATHS = NO;
				CLANG_ANALYZER_NONNULL = YES;
				CLANG_ANALYZER_NUMBER_OBJECT_CONVERSION = YES_AGGRESSIVE;
				CLANG_CXX_LANGUAGE_STANDARD = "gnu++14";
				CLANG_CXX_LIBRARY = "libc++";
				CLANG_ENABLE_MODULES = YES;
				CLANG_ENABLE_OBJC_ARC = YES;
				CLANG_ENABLE_OBJC_WEAK = YES;
				CLANG_WARN_BLOCK_CAPTURE_AUTORELEASING = YES;
				CLANG_WARN_BOOL_CONVERSION = YES;
				CLANG_WARN_COMMA = YES;
				CLANG_WARN_CONSTANT_CONVERSION = YES;
				CLANG_WARN_DEPRECATED_OBJC_IMPLEMENTATIONS = YES;
				CLANG_WARN_DIRECT_OBJC_ISA_USAGE = YES_ERROR;
				CLANG_WARN_DOCUMENTATION_COMMENTS = YES;
				CLANG_WARN_EMPTY_BODY = YES;
				CLANG_WARN_ENUM_CONVERSION = YES;
				CLANG_WARN_INFINITE_RECURSION = YES;
				CLANG_WARN_INT_CONVERSION = YES;
				CLANG_WARN_NON_LITERAL_NULL_CONVERSION = YES;
				CLANG_WARN_OBJC_IMPLICIT_RETAIN_SELF = YES;
				CLANG_WARN_OBJC_LITERAL_CONVERSION = YES;
				CLANG_WARN_OBJC_ROOT_CLASS = YES_ERROR;
				CLANG_WARN_RANGE_LOOP_ANALYSIS = YES;
				CLANG_WARN_STRICT_PROTOTYPES = YES;
				CLANG_WARN_SUSPICIOUS_MOVE = YES;
				CLANG_WARN_UNGUARDED_AVAILABILITY = YES_AGGRESSIVE;
				CLANG_WARN_UNREACHABLE_CODE = YES;
				CLANG_WARN__DUPLICATE_METHOD_MATCH = YES;
				CODE_SIGN_IDENTITY = "iPhone Developer";
				COPY_PHASE_STRIP = NO;
				DEBUG_INFORMATION_FORMAT = "dwarf-with-dsym";
				ENABLE_NS_ASSERTIONS = NO;
				ENABLE_STRICT_OBJC_MSGSEND = YES;
				GCC_C_LANGUAGE_STANDARD = gnu11;
				GCC_NO_COMMON_BLOCKS = YES;
				GCC_WARN_64_TO_32_BIT_CONVERSION = YES;
				GCC_WARN_ABOUT_RETURN_TYPE = YES_ERROR;
				GCC_WARN_UNDECLARED_SELECTOR = YES;
				GCC_WARN_UNINITIALIZED_AUTOS = YES_AGGRESSIVE;
				GCC_WARN_UNUSED_FUNCTION = YES;
				GCC_WARN_UNUSED_VARIABLE = YES;
				IPHONEOS_DEPLOYMENT_TARGET = 11.3;
				MTL_ENABLE_DEBUG_INFO = NO;
				SDKROOT = iphoneos;
				SWIFT_COMPILATION_MODE = wholemodule;
				SWIFT_OPTIMIZATION_LEVEL = "-O";
				VALIDATE_PRODUCT = YES;
			};
			name = Release;
		};
		4FA10B3F209C6150001D9AC9 /* Debug */ = {
			isa = XCBuildConfiguration;
			baseConfigurationReference = 4B87165EDA01F14BA77FB4AE /* Pods-FeedUI.debug.xcconfig */;
			buildSettings = {
				ASSETCATALOG_COMPILER_APPICON_NAME = AppIcon;
				CODE_SIGN_STYLE = Automatic;
				DEVELOPMENT_TEAM = RF494TFV4D;
				INFOPLIST_FILE = "FeedUI/Support Files/Info.plist";
				LD_RUNPATH_SEARCH_PATHS = (
					"$(inherited)",
					"@executable_path/Frameworks",
				);
				PRODUCT_BUNDLE_IDENTIFIER = jp.lurf.FeedUI;
				PRODUCT_NAME = "$(TARGET_NAME)";
				SWIFT_VERSION = 4.0;
				TARGETED_DEVICE_FAMILY = "1,2";
			};
			name = Debug;
		};
		4FA10B40209C6150001D9AC9 /* Release */ = {
			isa = XCBuildConfiguration;
			baseConfigurationReference = B11C140001C936744E1F8B5F /* Pods-FeedUI.release.xcconfig */;
			buildSettings = {
				ASSETCATALOG_COMPILER_APPICON_NAME = AppIcon;
				CODE_SIGN_STYLE = Automatic;
				DEVELOPMENT_TEAM = RF494TFV4D;
				INFOPLIST_FILE = "FeedUI/Support Files/Info.plist";
				LD_RUNPATH_SEARCH_PATHS = (
					"$(inherited)",
					"@executable_path/Frameworks",
				);
				PRODUCT_BUNDLE_IDENTIFIER = jp.lurf.FeedUI;
				PRODUCT_NAME = "$(TARGET_NAME)";
				SWIFT_VERSION = 4.0;
				TARGETED_DEVICE_FAMILY = "1,2";
			};
			name = Release;
		};
		4FA10B42209C6150001D9AC9 /* Debug */ = {
			isa = XCBuildConfiguration;
			baseConfigurationReference = 73D5E94AD5F7A29C211F4AF8 /* Pods-FeedUITests.debug.xcconfig */;
			buildSettings = {
				ALWAYS_EMBED_SWIFT_STANDARD_LIBRARIES = YES;
				BUNDLE_LOADER = "$(TEST_HOST)";
				CODE_SIGN_STYLE = Automatic;
				DEVELOPMENT_TEAM = RF494TFV4D;
				INFOPLIST_FILE = FeedUITests/Info.plist;
				LD_RUNPATH_SEARCH_PATHS = (
					"$(inherited)",
					"@executable_path/Frameworks",
					"@loader_path/Frameworks",
				);
				PRODUCT_BUNDLE_IDENTIFIER = jp.lurf.FeedUITests;
				PRODUCT_NAME = "$(TARGET_NAME)";
				SWIFT_VERSION = 4.0;
				TARGETED_DEVICE_FAMILY = "1,2";
				TEST_HOST = "$(BUILT_PRODUCTS_DIR)/FeedUI.app/FeedUI";
			};
			name = Debug;
		};
		4FA10B43209C6150001D9AC9 /* Release */ = {
			isa = XCBuildConfiguration;
			baseConfigurationReference = B2AB8A64149A3E8B1EDCBFAC /* Pods-FeedUITests.release.xcconfig */;
			buildSettings = {
				ALWAYS_EMBED_SWIFT_STANDARD_LIBRARIES = YES;
				BUNDLE_LOADER = "$(TEST_HOST)";
				CODE_SIGN_STYLE = Automatic;
				DEVELOPMENT_TEAM = RF494TFV4D;
				INFOPLIST_FILE = FeedUITests/Info.plist;
				LD_RUNPATH_SEARCH_PATHS = (
					"$(inherited)",
					"@executable_path/Frameworks",
					"@loader_path/Frameworks",
				);
				PRODUCT_BUNDLE_IDENTIFIER = jp.lurf.FeedUITests;
				PRODUCT_NAME = "$(TARGET_NAME)";
				SWIFT_VERSION = 4.0;
				TARGETED_DEVICE_FAMILY = "1,2";
				TEST_HOST = "$(BUILT_PRODUCTS_DIR)/FeedUI.app/FeedUI";
			};
			name = Release;
		};
		4FA10B45209C6150001D9AC9 /* Debug */ = {
			isa = XCBuildConfiguration;
			baseConfigurationReference = A990633E1A33C76501234EF0 /* Pods-FeedUIUITests.debug.xcconfig */;
			buildSettings = {
				ALWAYS_EMBED_SWIFT_STANDARD_LIBRARIES = YES;
				CODE_SIGN_STYLE = Automatic;
				DEVELOPMENT_TEAM = RF494TFV4D;
				INFOPLIST_FILE = FeedUIUITests/Info.plist;
				LD_RUNPATH_SEARCH_PATHS = (
					"$(inherited)",
					"@executable_path/Frameworks",
					"@loader_path/Frameworks",
				);
				PRODUCT_BUNDLE_IDENTIFIER = jp.lurf.FeedUIUITests;
				PRODUCT_NAME = "$(TARGET_NAME)";
				SWIFT_VERSION = 4.0;
				TARGETED_DEVICE_FAMILY = "1,2";
				TEST_TARGET_NAME = FeedUI;
			};
			name = Debug;
		};
		4FA10B46209C6150001D9AC9 /* Release */ = {
			isa = XCBuildConfiguration;
			baseConfigurationReference = 26B2801E5BF52BFE5250F513 /* Pods-FeedUIUITests.release.xcconfig */;
			buildSettings = {
				ALWAYS_EMBED_SWIFT_STANDARD_LIBRARIES = YES;
				CODE_SIGN_STYLE = Automatic;
				DEVELOPMENT_TEAM = RF494TFV4D;
				INFOPLIST_FILE = FeedUIUITests/Info.plist;
				LD_RUNPATH_SEARCH_PATHS = (
					"$(inherited)",
					"@executable_path/Frameworks",
					"@loader_path/Frameworks",
				);
				PRODUCT_BUNDLE_IDENTIFIER = jp.lurf.FeedUIUITests;
				PRODUCT_NAME = "$(TARGET_NAME)";
				SWIFT_VERSION = 4.0;
				TARGETED_DEVICE_FAMILY = "1,2";
				TEST_TARGET_NAME = FeedUI;
			};
			name = Release;
		};
/* End XCBuildConfiguration section */

/* Begin XCConfigurationList section */
		4FA10B11209C614D001D9AC9 /* Build configuration list for PBXProject "FeedUI" */ = {
			isa = XCConfigurationList;
			buildConfigurations = (
				4FA10B3C209C6150001D9AC9 /* Debug */,
				4FA10B3D209C6150001D9AC9 /* Release */,
			);
			defaultConfigurationIsVisible = 0;
			defaultConfigurationName = Release;
		};
		4FA10B3E209C6150001D9AC9 /* Build configuration list for PBXNativeTarget "FeedUI" */ = {
			isa = XCConfigurationList;
			buildConfigurations = (
				4FA10B3F209C6150001D9AC9 /* Debug */,
				4FA10B40209C6150001D9AC9 /* Release */,
			);
			defaultConfigurationIsVisible = 0;
			defaultConfigurationName = Release;
		};
		4FA10B41209C6150001D9AC9 /* Build configuration list for PBXNativeTarget "FeedUITests" */ = {
			isa = XCConfigurationList;
			buildConfigurations = (
				4FA10B42209C6150001D9AC9 /* Debug */,
				4FA10B43209C6150001D9AC9 /* Release */,
			);
			defaultConfigurationIsVisible = 0;
			defaultConfigurationName = Release;
		};
		4FA10B44209C6150001D9AC9 /* Build configuration list for PBXNativeTarget "FeedUIUITests" */ = {
			isa = XCConfigurationList;
			buildConfigurations = (
				4FA10B45209C6150001D9AC9 /* Debug */,
				4FA10B46209C6150001D9AC9 /* Release */,
			);
			defaultConfigurationIsVisible = 0;
			defaultConfigurationName = Release;
		};
/* End XCConfigurationList section */
	};
	rootObject = 4FA10B0E209C614D001D9AC9 /* Project object */;
}
